// !$*UTF8*$!
{
	archiveVersion = 1;
	classes = {
	};
	objectVersion = 56;
	objects = {

/* Begin PBXBuildFile section */
		216EB9132C52905500375BDE /* SimctlClientEnvironment.swift in Sources */ = {isa = PBXBuildFile; fileRef = 216EB9082C52905500375BDE /* SimctlClientEnvironment.swift */; };
		216EB9142C52905500375BDE /* SimctlClient+Route.swift in Sources */ = {isa = PBXBuildFile; fileRef = 216EB9092C52905500375BDE /* SimctlClient+Route.swift */; };
		216EB9152C52905500375BDE /* SimulatorEnvironment.swift in Sources */ = {isa = PBXBuildFile; fileRef = 216EB90A2C52905500375BDE /* SimulatorEnvironment.swift */; };
		216EB9162C52905500375BDE /* ProcessEnvironmentKey.swift in Sources */ = {isa = PBXBuildFile; fileRef = 216EB90B2C52905500375BDE /* ProcessEnvironmentKey.swift */; };
		216EB9172C52905500375BDE /* Simctl.h in Headers */ = {isa = PBXBuildFile; fileRef = 216EB90C2C52905500375BDE /* Simctl.h */; };
		216EB9182C52905500375BDE /* SimctlClient.swift in Sources */ = {isa = PBXBuildFile; fileRef = 216EB90D2C52905500375BDE /* SimctlClient.swift */; };
		216EB9192C52905500375BDE /* HttpMethod.swift in Sources */ = {isa = PBXBuildFile; fileRef = 216EB90E2C52905500375BDE /* HttpMethod.swift */; };
		216EB91A2C52905500375BDE /* HeaderField.swift in Sources */ = {isa = PBXBuildFile; fileRef = 216EB90F2C52905500375BDE /* HeaderField.swift */; };
		216EB91B2C52905500375BDE /* SimctlClient+Error.swift in Sources */ = {isa = PBXBuildFile; fileRef = 216EB9102C52905500375BDE /* SimctlClient+Error.swift */; };
		216EB91C2C52905500375BDE /* SimctlClient+DataTask.swift in Sources */ = {isa = PBXBuildFile; fileRef = 216EB9112C52905500375BDE /* SimctlClient+DataTask.swift */; };
		216EB91D2C52905500375BDE /* Host.swift in Sources */ = {isa = PBXBuildFile; fileRef = 216EB9122C52905500375BDE /* Host.swift */; };
		216EB9262C52907400375BDE /* SimctlShared.h in Headers */ = {isa = PBXBuildFile; fileRef = 216EB9252C52907400375BDE /* SimctlShared.h */; settings = {ATTRIBUTES = (Public, ); }; };
		216EB9332C52909D00375BDE /* Privacy.swift in Sources */ = {isa = PBXBuildFile; fileRef = 216EB92A2C52909D00375BDE /* Privacy.swift */; };
		216EB9342C52909D00375BDE /* SimulatorDevice.swift in Sources */ = {isa = PBXBuildFile; fileRef = 216EB92B2C52909D00375BDE /* SimulatorDevice.swift */; };
		216EB9352C52909D00375BDE /* ServerPath.swift in Sources */ = {isa = PBXBuildFile; fileRef = 216EB92C2C52909D00375BDE /* ServerPath.swift */; };
		216EB9362C52909D00375BDE /* HeaderFieldKey.swift in Sources */ = {isa = PBXBuildFile; fileRef = 216EB92D2C52909D00375BDE /* HeaderFieldKey.swift */; };
		216EB9372C52909D00375BDE /* PushNotificationContent.swift in Sources */ = {isa = PBXBuildFile; fileRef = 216EB92E2C52909D00375BDE /* PushNotificationContent.swift */; };
		216EB9382C52909D00375BDE /* Port.swift in Sources */ = {isa = PBXBuildFile; fileRef = 216EB92F2C52909D00375BDE /* Port.swift */; };
		216EB9392C52909D00375BDE /* DeviceAppearance.swift in Sources */ = {isa = PBXBuildFile; fileRef = 216EB9302C52909D00375BDE /* DeviceAppearance.swift */; };
		216EB93A2C52909D00375BDE /* URLContainer.swift in Sources */ = {isa = PBXBuildFile; fileRef = 216EB9312C52909D00375BDE /* URLContainer.swift */; };
		216EB93B2C52909D00375BDE /* AppContainer.swift in Sources */ = {isa = PBXBuildFile; fileRef = 216EB9322C52909D00375BDE /* AppContainer.swift */; };
		216EB93C2C5290CA00375BDE /* SimctlShared.framework in Frameworks */ = {isa = PBXBuildFile; fileRef = 216EB9232C52907400375BDE /* SimctlShared.framework */; };
		216EB93D2C5290CA00375BDE /* SimctlShared.framework in Embed Frameworks */ = {isa = PBXBuildFile; fileRef = 216EB9232C52907400375BDE /* SimctlShared.framework */; settings = {ATTRIBUTES = (CodeSignOnCopy, RemoveHeadersOnCopy, ); }; };
/* End PBXBuildFile section */

/* Begin PBXContainerItemProxy section */
		216EB93E2C5290CA00375BDE /* PBXContainerItemProxy */ = {
			isa = PBXContainerItemProxy;
			containerPortal = 213EF69F2C5284F70061475A /* Project object */;
			proxyType = 1;
			remoteGlobalIDString = 216EB9222C52907400375BDE;
			remoteInfo = SimctlShared;
		};
/* End PBXContainerItemProxy section */

/* Begin PBXCopyFilesBuildPhase section */
		213EF6FA2C528A0A0061475A /* Embed Frameworks */ = {
			isa = PBXCopyFilesBuildPhase;
			buildActionMask = 2147483647;
			dstPath = "";
			dstSubfolderSpec = 10;
			files = (
				216EB93D2C5290CA00375BDE /* SimctlShared.framework in Embed Frameworks */,
			);
			name = "Embed Frameworks";
			runOnlyForDeploymentPostprocessing = 0;
		};
/* End PBXCopyFilesBuildPhase section */

/* Begin PBXFileReference section */
		213EF6A82C5284F70061475A /* Simctl.framework */ = {isa = PBXFileReference; explicitFileType = wrapper.framework; includeInIndex = 0; path = Simctl.framework; sourceTree = BUILT_PRODUCTS_DIR; };
		216EB9082C52905500375BDE /* SimctlClientEnvironment.swift */ = {isa = PBXFileReference; fileEncoding = 4; lastKnownFileType = sourcecode.swift; path = SimctlClientEnvironment.swift; sourceTree = "<group>"; };
		216EB9092C52905500375BDE /* SimctlClient+Route.swift */ = {isa = PBXFileReference; fileEncoding = 4; lastKnownFileType = sourcecode.swift; path = "SimctlClient+Route.swift"; sourceTree = "<group>"; };
		216EB90A2C52905500375BDE /* SimulatorEnvironment.swift */ = {isa = PBXFileReference; fileEncoding = 4; lastKnownFileType = sourcecode.swift; path = SimulatorEnvironment.swift; sourceTree = "<group>"; };
		216EB90B2C52905500375BDE /* ProcessEnvironmentKey.swift */ = {isa = PBXFileReference; fileEncoding = 4; lastKnownFileType = sourcecode.swift; path = ProcessEnvironmentKey.swift; sourceTree = "<group>"; };
		216EB90C2C52905500375BDE /* Simctl.h */ = {isa = PBXFileReference; fileEncoding = 4; lastKnownFileType = sourcecode.c.h; path = Simctl.h; sourceTree = "<group>"; };
		216EB90D2C52905500375BDE /* SimctlClient.swift */ = {isa = PBXFileReference; fileEncoding = 4; lastKnownFileType = sourcecode.swift; path = SimctlClient.swift; sourceTree = "<group>"; };
		216EB90E2C52905500375BDE /* HttpMethod.swift */ = {isa = PBXFileReference; fileEncoding = 4; lastKnownFileType = sourcecode.swift; path = HttpMethod.swift; sourceTree = "<group>"; };
		216EB90F2C52905500375BDE /* HeaderField.swift */ = {isa = PBXFileReference; fileEncoding = 4; lastKnownFileType = sourcecode.swift; path = HeaderField.swift; sourceTree = "<group>"; };
		216EB9102C52905500375BDE /* SimctlClient+Error.swift */ = {isa = PBXFileReference; fileEncoding = 4; lastKnownFileType = sourcecode.swift; path = "SimctlClient+Error.swift"; sourceTree = "<group>"; };
		216EB9112C52905500375BDE /* SimctlClient+DataTask.swift */ = {isa = PBXFileReference; fileEncoding = 4; lastKnownFileType = sourcecode.swift; path = "SimctlClient+DataTask.swift"; sourceTree = "<group>"; };
		216EB9122C52905500375BDE /* Host.swift */ = {isa = PBXFileReference; fileEncoding = 4; lastKnownFileType = sourcecode.swift; path = Host.swift; sourceTree = "<group>"; };
		216EB9232C52907400375BDE /* SimctlShared.framework */ = {isa = PBXFileReference; explicitFileType = wrapper.framework; includeInIndex = 0; path = SimctlShared.framework; sourceTree = BUILT_PRODUCTS_DIR; };
		216EB9252C52907400375BDE /* SimctlShared.h */ = {isa = PBXFileReference; lastKnownFileType = sourcecode.c.h; path = SimctlShared.h; sourceTree = "<group>"; };
		216EB92A2C52909D00375BDE /* Privacy.swift */ = {isa = PBXFileReference; fileEncoding = 4; lastKnownFileType = sourcecode.swift; path = Privacy.swift; sourceTree = "<group>"; };
		216EB92B2C52909D00375BDE /* SimulatorDevice.swift */ = {isa = PBXFileReference; fileEncoding = 4; lastKnownFileType = sourcecode.swift; path = SimulatorDevice.swift; sourceTree = "<group>"; };
		216EB92C2C52909D00375BDE /* ServerPath.swift */ = {isa = PBXFileReference; fileEncoding = 4; lastKnownFileType = sourcecode.swift; path = ServerPath.swift; sourceTree = "<group>"; };
		216EB92D2C52909D00375BDE /* HeaderFieldKey.swift */ = {isa = PBXFileReference; fileEncoding = 4; lastKnownFileType = sourcecode.swift; path = HeaderFieldKey.swift; sourceTree = "<group>"; };
		216EB92E2C52909D00375BDE /* PushNotificationContent.swift */ = {isa = PBXFileReference; fileEncoding = 4; lastKnownFileType = sourcecode.swift; path = PushNotificationContent.swift; sourceTree = "<group>"; };
		216EB92F2C52909D00375BDE /* Port.swift */ = {isa = PBXFileReference; fileEncoding = 4; lastKnownFileType = sourcecode.swift; path = Port.swift; sourceTree = "<group>"; };
		216EB9302C52909D00375BDE /* DeviceAppearance.swift */ = {isa = PBXFileReference; fileEncoding = 4; lastKnownFileType = sourcecode.swift; path = DeviceAppearance.swift; sourceTree = "<group>"; };
		216EB9312C52909D00375BDE /* URLContainer.swift */ = {isa = PBXFileReference; fileEncoding = 4; lastKnownFileType = sourcecode.swift; path = URLContainer.swift; sourceTree = "<group>"; };
		216EB9322C52909D00375BDE /* AppContainer.swift */ = {isa = PBXFileReference; fileEncoding = 4; lastKnownFileType = sourcecode.swift; path = AppContainer.swift; sourceTree = "<group>"; };
/* End PBXFileReference section */

/* Begin PBXFrameworksBuildPhase section */
		213EF6A52C5284F70061475A /* Frameworks */ = {
			isa = PBXFrameworksBuildPhase;
			buildActionMask = 2147483647;
			files = (
				216EB93C2C5290CA00375BDE /* SimctlShared.framework in Frameworks */,
			);
			runOnlyForDeploymentPostprocessing = 0;
		};
		216EB9202C52907400375BDE /* Frameworks */ = {
			isa = PBXFrameworksBuildPhase;
			buildActionMask = 2147483647;
			files = (
			);
			runOnlyForDeploymentPostprocessing = 0;
		};
/* End PBXFrameworksBuildPhase section */

/* Begin PBXGroup section */
		213EF69E2C5284F70061475A = {
			isa = PBXGroup;
			children = (
				216EB9072C52905500375BDE /* Simctl */,
				216EB9242C52907400375BDE /* SimctlShared */,
				213EF6A92C5284F70061475A /* Products */,
				213EF6F62C528A0A0061475A /* Frameworks */,
			);
			sourceTree = "<group>";
		};
		213EF6A92C5284F70061475A /* Products */ = {
			isa = PBXGroup;
			children = (
				213EF6A82C5284F70061475A /* Simctl.framework */,
				216EB9232C52907400375BDE /* SimctlShared.framework */,
			);
			name = Products;
			sourceTree = "<group>";
		};
		213EF6F62C528A0A0061475A /* Frameworks */ = {
			isa = PBXGroup;
			children = (
			);
			name = Frameworks;
			sourceTree = "<group>";
		};
		216EB9072C52905500375BDE /* Simctl */ = {
			isa = PBXGroup;
			children = (
				216EB90F2C52905500375BDE /* HeaderField.swift */,
				216EB9122C52905500375BDE /* Host.swift */,
				216EB90E2C52905500375BDE /* HttpMethod.swift */,
				216EB90B2C52905500375BDE /* ProcessEnvironmentKey.swift */,
				216EB90C2C52905500375BDE /* Simctl.h */,
				216EB90D2C52905500375BDE /* SimctlClient.swift */,
				216EB9112C52905500375BDE /* SimctlClient+DataTask.swift */,
				216EB9102C52905500375BDE /* SimctlClient+Error.swift */,
				216EB9092C52905500375BDE /* SimctlClient+Route.swift */,
				216EB9082C52905500375BDE /* SimctlClientEnvironment.swift */,
				216EB90A2C52905500375BDE /* SimulatorEnvironment.swift */,
			);
			path = Simctl;
			sourceTree = "<group>";
		};
		216EB9242C52907400375BDE /* SimctlShared */ = {
			isa = PBXGroup;
			children = (
				216EB9322C52909D00375BDE /* AppContainer.swift */,
				216EB9302C52909D00375BDE /* DeviceAppearance.swift */,
				216EB92D2C52909D00375BDE /* HeaderFieldKey.swift */,
				216EB92F2C52909D00375BDE /* Port.swift */,
				216EB92A2C52909D00375BDE /* Privacy.swift */,
				216EB92E2C52909D00375BDE /* PushNotificationContent.swift */,
				216EB92C2C52909D00375BDE /* ServerPath.swift */,
				216EB9252C52907400375BDE /* SimctlShared.h */,
				216EB92B2C52909D00375BDE /* SimulatorDevice.swift */,
				216EB9312C52909D00375BDE /* URLContainer.swift */,
			);
			path = SimctlShared;
			sourceTree = "<group>";
		};
/* End PBXGroup section */

/* Begin PBXHeadersBuildPhase section */
		213EF6A32C5284F70061475A /* Headers */ = {
			isa = PBXHeadersBuildPhase;
			buildActionMask = 2147483647;
			files = (
				216EB9172C52905500375BDE /* Simctl.h in Headers */,
			);
			runOnlyForDeploymentPostprocessing = 0;
		};
		216EB91E2C52907400375BDE /* Headers */ = {
			isa = PBXHeadersBuildPhase;
			buildActionMask = 2147483647;
			files = (
				216EB9262C52907400375BDE /* SimctlShared.h in Headers */,
			);
			runOnlyForDeploymentPostprocessing = 0;
		};
/* End PBXHeadersBuildPhase section */

/* Begin PBXNativeTarget section */
		213EF6A72C5284F70061475A /* Simctl */ = {
			isa = PBXNativeTarget;
			buildConfigurationList = 213EF6AF2C5284F70061475A /* Build configuration list for PBXNativeTarget "Simctl" */;
			buildPhases = (
				213EF6A32C5284F70061475A /* Headers */,
				213EF6A42C5284F70061475A /* Sources */,
				213EF6A52C5284F70061475A /* Frameworks */,
				213EF6A62C5284F70061475A /* Resources */,
				213EF6FA2C528A0A0061475A /* Embed Frameworks */,
			);
			buildRules = (
			);
			dependencies = (
				216EB93F2C5290CA00375BDE /* PBXTargetDependency */,
			);
			name = Simctl;
			productName = Simctl;
			productReference = 213EF6A82C5284F70061475A /* Simctl.framework */;
			productType = "com.apple.product-type.framework";
		};
		216EB9222C52907400375BDE /* SimctlShared */ = {
			isa = PBXNativeTarget;
			buildConfigurationList = 216EB9272C52907400375BDE /* Build configuration list for PBXNativeTarget "SimctlShared" */;
			buildPhases = (
				216EB91E2C52907400375BDE /* Headers */,
				216EB91F2C52907400375BDE /* Sources */,
				216EB9202C52907400375BDE /* Frameworks */,
				216EB9212C52907400375BDE /* Resources */,
			);
			buildRules = (
			);
			dependencies = (
			);
			name = SimctlShared;
			productName = SimctlShared;
			productReference = 216EB9232C52907400375BDE /* SimctlShared.framework */;
			productType = "com.apple.product-type.framework";
		};
/* End PBXNativeTarget section */

/* Begin PBXProject section */
		213EF69F2C5284F70061475A /* Project object */ = {
			isa = PBXProject;
			attributes = {
				BuildIndependentTargetsInParallel = 1;
				LastUpgradeCheck = 1510;
				TargetAttributes = {
					213EF6A72C5284F70061475A = {
						CreatedOnToolsVersion = 15.1;
						LastSwiftMigration = 1510;
					};
					216EB9222C52907400375BDE = {
						CreatedOnToolsVersion = 15.1;
						LastSwiftMigration = 1510;
					};
				};
			};
			buildConfigurationList = 213EF6A22C5284F70061475A /* Build configuration list for PBXProject "Simctl" */;
			compatibilityVersion = "Xcode 14.0";
			developmentRegion = en;
			hasScannedForEncodings = 0;
			knownRegions = (
				en,
				Base,
			);
			mainGroup = 213EF69E2C5284F70061475A;
			productRefGroup = 213EF6A92C5284F70061475A /* Products */;
			projectDirPath = "";
			projectRoot = "";
			targets = (
				213EF6A72C5284F70061475A /* Simctl */,
				216EB9222C52907400375BDE /* SimctlShared */,
			);
		};
/* End PBXProject section */

/* Begin PBXResourcesBuildPhase section */
		213EF6A62C5284F70061475A /* Resources */ = {
			isa = PBXResourcesBuildPhase;
			buildActionMask = 2147483647;
			files = (
			);
			runOnlyForDeploymentPostprocessing = 0;
		};
		216EB9212C52907400375BDE /* Resources */ = {
			isa = PBXResourcesBuildPhase;
			buildActionMask = 2147483647;
			files = (
			);
			runOnlyForDeploymentPostprocessing = 0;
		};
/* End PBXResourcesBuildPhase section */

/* Begin PBXSourcesBuildPhase section */
		213EF6A42C5284F70061475A /* Sources */ = {
			isa = PBXSourcesBuildPhase;
			buildActionMask = 2147483647;
			files = (
				216EB9142C52905500375BDE /* SimctlClient+Route.swift in Sources */,
				216EB91D2C52905500375BDE /* Host.swift in Sources */,
				216EB91A2C52905500375BDE /* HeaderField.swift in Sources */,
				216EB9182C52905500375BDE /* SimctlClient.swift in Sources */,
				216EB91B2C52905500375BDE /* SimctlClient+Error.swift in Sources */,
				216EB9132C52905500375BDE /* SimctlClientEnvironment.swift in Sources */,
				216EB9152C52905500375BDE /* SimulatorEnvironment.swift in Sources */,
				216EB91C2C52905500375BDE /* SimctlClient+DataTask.swift in Sources */,
				216EB9192C52905500375BDE /* HttpMethod.swift in Sources */,
				216EB9162C52905500375BDE /* ProcessEnvironmentKey.swift in Sources */,
			);
			runOnlyForDeploymentPostprocessing = 0;
		};
		216EB91F2C52907400375BDE /* Sources */ = {
			isa = PBXSourcesBuildPhase;
			buildActionMask = 2147483647;
			files = (
				216EB9382C52909D00375BDE /* Port.swift in Sources */,
				216EB9372C52909D00375BDE /* PushNotificationContent.swift in Sources */,
				216EB93B2C52909D00375BDE /* AppContainer.swift in Sources */,
				216EB9352C52909D00375BDE /* ServerPath.swift in Sources */,
				216EB93A2C52909D00375BDE /* URLContainer.swift in Sources */,
				216EB9392C52909D00375BDE /* DeviceAppearance.swift in Sources */,
				216EB9362C52909D00375BDE /* HeaderFieldKey.swift in Sources */,
				216EB9342C52909D00375BDE /* SimulatorDevice.swift in Sources */,
				216EB9332C52909D00375BDE /* Privacy.swift in Sources */,
			);
			runOnlyForDeploymentPostprocessing = 0;
		};
/* End PBXSourcesBuildPhase section */

/* Begin PBXTargetDependency section */
		216EB93F2C5290CA00375BDE /* PBXTargetDependency */ = {
			isa = PBXTargetDependency;
			target = 216EB9222C52907400375BDE /* SimctlShared */;
			targetProxy = 216EB93E2C5290CA00375BDE /* PBXContainerItemProxy */;
		};
/* End PBXTargetDependency section */

/* Begin XCBuildConfiguration section */
		213EF6AD2C5284F70061475A /* Debug */ = {
			isa = XCBuildConfiguration;
			buildSettings = {
				ALWAYS_SEARCH_USER_PATHS = NO;
				ASSETCATALOG_COMPILER_GENERATE_SWIFT_ASSET_SYMBOL_EXTENSIONS = YES;
				CLANG_ANALYZER_NONNULL = YES;
				CLANG_ANALYZER_NUMBER_OBJECT_CONVERSION = YES_AGGRESSIVE;
				CLANG_CXX_LANGUAGE_STANDARD = "gnu++20";
				CLANG_ENABLE_MODULES = YES;
				CLANG_ENABLE_OBJC_ARC = YES;
				CLANG_ENABLE_OBJC_WEAK = YES;
				CLANG_WARN_BLOCK_CAPTURE_AUTORELEASING = YES;
				CLANG_WARN_BOOL_CONVERSION = YES;
				CLANG_WARN_COMMA = YES;
				CLANG_WARN_CONSTANT_CONVERSION = YES;
				CLANG_WARN_DEPRECATED_OBJC_IMPLEMENTATIONS = YES;
				CLANG_WARN_DIRECT_OBJC_ISA_USAGE = YES_ERROR;
				CLANG_WARN_DOCUMENTATION_COMMENTS = YES;
				CLANG_WARN_EMPTY_BODY = YES;
				CLANG_WARN_ENUM_CONVERSION = YES;
				CLANG_WARN_INFINITE_RECURSION = YES;
				CLANG_WARN_INT_CONVERSION = YES;
				CLANG_WARN_NON_LITERAL_NULL_CONVERSION = YES;
				CLANG_WARN_OBJC_IMPLICIT_RETAIN_SELF = YES;
				CLANG_WARN_OBJC_LITERAL_CONVERSION = YES;
				CLANG_WARN_OBJC_ROOT_CLASS = YES_ERROR;
				CLANG_WARN_QUOTED_INCLUDE_IN_FRAMEWORK_HEADER = YES;
				CLANG_WARN_RANGE_LOOP_ANALYSIS = YES;
				CLANG_WARN_STRICT_PROTOTYPES = YES;
				CLANG_WARN_SUSPICIOUS_MOVE = YES;
				CLANG_WARN_UNGUARDED_AVAILABILITY = YES_AGGRESSIVE;
				CLANG_WARN_UNREACHABLE_CODE = YES;
				CLANG_WARN__DUPLICATE_METHOD_MATCH = YES;
				COPY_PHASE_STRIP = NO;
				CURRENT_PROJECT_VERSION = 1;
				DEBUG_INFORMATION_FORMAT = dwarf;
				ENABLE_STRICT_OBJC_MSGSEND = YES;
				ENABLE_TESTABILITY = YES;
				ENABLE_USER_SCRIPT_SANDBOXING = YES;
				GCC_C_LANGUAGE_STANDARD = gnu17;
				GCC_DYNAMIC_NO_PIC = NO;
				GCC_NO_COMMON_BLOCKS = YES;
				GCC_OPTIMIZATION_LEVEL = 0;
				GCC_PREPROCESSOR_DEFINITIONS = (
					"DEBUG=1",
					"$(inherited)",
				);
				GCC_WARN_64_TO_32_BIT_CONVERSION = YES;
				GCC_WARN_ABOUT_RETURN_TYPE = YES_ERROR;
				GCC_WARN_UNDECLARED_SELECTOR = YES;
				GCC_WARN_UNINITIALIZED_AUTOS = YES_AGGRESSIVE;
				GCC_WARN_UNUSED_FUNCTION = YES;
				GCC_WARN_UNUSED_VARIABLE = YES;
				IPHONEOS_DEPLOYMENT_TARGET = 15.0;
				LOCALIZATION_PREFERS_STRING_CATALOGS = YES;
				MTL_ENABLE_DEBUG_INFO = INCLUDE_SOURCE;
				MTL_FAST_MATH = YES;
				ONLY_ACTIVE_ARCH = YES;
				SDKROOT = iphoneos;
				SWIFT_ACTIVE_COMPILATION_CONDITIONS = "DEBUG $(inherited)";
				SWIFT_OPTIMIZATION_LEVEL = "-Onone";
				VERSIONING_SYSTEM = "apple-generic";
				VERSION_INFO_PREFIX = "";
			};
			name = Debug;
		};
		213EF6AE2C5284F70061475A /* Release */ = {
			isa = XCBuildConfiguration;
			buildSettings = {
				ALWAYS_SEARCH_USER_PATHS = NO;
				ASSETCATALOG_COMPILER_GENERATE_SWIFT_ASSET_SYMBOL_EXTENSIONS = YES;
				CLANG_ANALYZER_NONNULL = YES;
				CLANG_ANALYZER_NUMBER_OBJECT_CONVERSION = YES_AGGRESSIVE;
				CLANG_CXX_LANGUAGE_STANDARD = "gnu++20";
				CLANG_ENABLE_MODULES = YES;
				CLANG_ENABLE_OBJC_ARC = YES;
				CLANG_ENABLE_OBJC_WEAK = YES;
				CLANG_WARN_BLOCK_CAPTURE_AUTORELEASING = YES;
				CLANG_WARN_BOOL_CONVERSION = YES;
				CLANG_WARN_COMMA = YES;
				CLANG_WARN_CONSTANT_CONVERSION = YES;
				CLANG_WARN_DEPRECATED_OBJC_IMPLEMENTATIONS = YES;
				CLANG_WARN_DIRECT_OBJC_ISA_USAGE = YES_ERROR;
				CLANG_WARN_DOCUMENTATION_COMMENTS = YES;
				CLANG_WARN_EMPTY_BODY = YES;
				CLANG_WARN_ENUM_CONVERSION = YES;
				CLANG_WARN_INFINITE_RECURSION = YES;
				CLANG_WARN_INT_CONVERSION = YES;
				CLANG_WARN_NON_LITERAL_NULL_CONVERSION = YES;
				CLANG_WARN_OBJC_IMPLICIT_RETAIN_SELF = YES;
				CLANG_WARN_OBJC_LITERAL_CONVERSION = YES;
				CLANG_WARN_OBJC_ROOT_CLASS = YES_ERROR;
				CLANG_WARN_QUOTED_INCLUDE_IN_FRAMEWORK_HEADER = YES;
				CLANG_WARN_RANGE_LOOP_ANALYSIS = YES;
				CLANG_WARN_STRICT_PROTOTYPES = YES;
				CLANG_WARN_SUSPICIOUS_MOVE = YES;
				CLANG_WARN_UNGUARDED_AVAILABILITY = YES_AGGRESSIVE;
				CLANG_WARN_UNREACHABLE_CODE = YES;
				CLANG_WARN__DUPLICATE_METHOD_MATCH = YES;
				COPY_PHASE_STRIP = NO;
				CURRENT_PROJECT_VERSION = 1;
				DEBUG_INFORMATION_FORMAT = "dwarf-with-dsym";
				ENABLE_NS_ASSERTIONS = NO;
				ENABLE_STRICT_OBJC_MSGSEND = YES;
				ENABLE_USER_SCRIPT_SANDBOXING = YES;
				GCC_C_LANGUAGE_STANDARD = gnu17;
				GCC_NO_COMMON_BLOCKS = YES;
				GCC_WARN_64_TO_32_BIT_CONVERSION = YES;
				GCC_WARN_ABOUT_RETURN_TYPE = YES_ERROR;
				GCC_WARN_UNDECLARED_SELECTOR = YES;
				GCC_WARN_UNINITIALIZED_AUTOS = YES_AGGRESSIVE;
				GCC_WARN_UNUSED_FUNCTION = YES;
				GCC_WARN_UNUSED_VARIABLE = YES;
				IPHONEOS_DEPLOYMENT_TARGET = 15.0;
				LOCALIZATION_PREFERS_STRING_CATALOGS = YES;
				MTL_ENABLE_DEBUG_INFO = NO;
				MTL_FAST_MATH = YES;
				SDKROOT = iphoneos;
				SWIFT_COMPILATION_MODE = wholemodule;
				VALIDATE_PRODUCT = YES;
				VERSIONING_SYSTEM = "apple-generic";
				VERSION_INFO_PREFIX = "";
			};
			name = Release;
		};
		213EF6B02C5284F70061475A /* Debug */ = {
			isa = XCBuildConfiguration;
			buildSettings = {
				CLANG_ENABLE_MODULES = YES;
				CODE_SIGN_STYLE = Automatic;
				CURRENT_PROJECT_VERSION = 1;
				DEFINES_MODULE = YES;
				DYLIB_COMPATIBILITY_VERSION = 1;
				DYLIB_CURRENT_VERSION = 1;
				DYLIB_INSTALL_NAME_BASE = "@rpath";
				ENABLE_MODULE_VERIFIER = YES;
				GENERATE_INFOPLIST_FILE = YES;
				INFOPLIST_KEY_NSHumanReadableCopyright = "";
				INSTALL_PATH = "$(LOCAL_LIBRARY_DIR)/Frameworks";
				LD_RUNPATH_SEARCH_PATHS = (
					"$(inherited)",
					"@executable_path/Frameworks",
					"@loader_path/Frameworks",
				);
				MARKETING_VERSION = 1.0;
				MODULE_VERIFIER_SUPPORTED_LANGUAGES = "objective-c objective-c++";
				MODULE_VERIFIER_SUPPORTED_LANGUAGE_STANDARDS = "gnu17 gnu++20";
				PRODUCT_BUNDLE_IDENTIFIER = "pandora.foundation.ta-infra.Simctl";
				PRODUCT_NAME = "$(TARGET_NAME:c99extidentifier)";
				SKIP_INSTALL = YES;
				SWIFT_EMIT_LOC_STRINGS = YES;
				SWIFT_OPTIMIZATION_LEVEL = "-Onone";
				SWIFT_VERSION = 5.0;
				TARGETED_DEVICE_FAMILY = "1,2";
			};
			name = Debug;
		};
		213EF6B12C5284F70061475A /* Release */ = {
			isa = XCBuildConfiguration;
			buildSettings = {
				CLANG_ENABLE_MODULES = YES;
				CODE_SIGN_STYLE = Automatic;
				CURRENT_PROJECT_VERSION = 1;
				DEFINES_MODULE = YES;
				DYLIB_COMPATIBILITY_VERSION = 1;
				DYLIB_CURRENT_VERSION = 1;
				DYLIB_INSTALL_NAME_BASE = "@rpath";
				ENABLE_MODULE_VERIFIER = YES;
				GENERATE_INFOPLIST_FILE = YES;
				INFOPLIST_KEY_NSHumanReadableCopyright = "";
				INSTALL_PATH = "$(LOCAL_LIBRARY_DIR)/Frameworks";
				LD_RUNPATH_SEARCH_PATHS = (
					"$(inherited)",
					"@executable_path/Frameworks",
					"@loader_path/Frameworks",
				);
				MARKETING_VERSION = 1.0;
				MODULE_VERIFIER_SUPPORTED_LANGUAGES = "objective-c objective-c++";
				MODULE_VERIFIER_SUPPORTED_LANGUAGE_STANDARDS = "gnu17 gnu++20";
				PRODUCT_BUNDLE_IDENTIFIER = "pandora.foundation.ta-infra.Simctl";
				PRODUCT_NAME = "$(TARGET_NAME:c99extidentifier)";
				SKIP_INSTALL = YES;
				SWIFT_EMIT_LOC_STRINGS = YES;
				SWIFT_VERSION = 5.0;
				TARGETED_DEVICE_FAMILY = "1,2";
			};
			name = Release;
		};
		216EB9282C52907400375BDE /* Debug */ = {
			isa = XCBuildConfiguration;
			buildSettings = {
				CLANG_ENABLE_MODULES = YES;
				CODE_SIGN_STYLE = Automatic;
				CURRENT_PROJECT_VERSION = 1;
				DEFINES_MODULE = YES;
				DYLIB_COMPATIBILITY_VERSION = 1;
				DYLIB_CURRENT_VERSION = 1;
				DYLIB_INSTALL_NAME_BASE = "@rpath";
				ENABLE_MODULE_VERIFIER = YES;
				GENERATE_INFOPLIST_FILE = YES;
				INFOPLIST_KEY_NSHumanReadableCopyright = "";
				INSTALL_PATH = "$(LOCAL_LIBRARY_DIR)/Frameworks";
				IPHONEOS_DEPLOYMENT_TARGET = 15.0;
				LD_RUNPATH_SEARCH_PATHS = (
					"$(inherited)",
					"@executable_path/Frameworks",
					"@loader_path/Frameworks",
				);
				MARKETING_VERSION = 1.0;
				MODULE_VERIFIER_SUPPORTED_LANGUAGES = "objective-c objective-c++";
				MODULE_VERIFIER_SUPPORTED_LANGUAGE_STANDARDS = "gnu17 gnu++20";
				PRODUCT_BUNDLE_IDENTIFIER = "pandora.foundation.ta-infra.SimctlShared";
				PRODUCT_NAME = "$(TARGET_NAME:c99extidentifier)";
				SKIP_INSTALL = YES;
				SWIFT_EMIT_LOC_STRINGS = YES;
				SWIFT_OPTIMIZATION_LEVEL = "-Onone";
				SWIFT_VERSION = 5.0;
				TARGETED_DEVICE_FAMILY = "1,2";
			};
			name = Debug;
		};
		216EB9292C52907400375BDE /* Release */ = {
			isa = XCBuildConfiguration;
			buildSettings = {
				CLANG_ENABLE_MODULES = YES;
				CODE_SIGN_STYLE = Automatic;
				CURRENT_PROJECT_VERSION = 1;
				DEFINES_MODULE = YES;
				DYLIB_COMPATIBILITY_VERSION = 1;
				DYLIB_CURRENT_VERSION = 1;
				DYLIB_INSTALL_NAME_BASE = "@rpath";
				ENABLE_MODULE_VERIFIER = YES;
				GENERATE_INFOPLIST_FILE = YES;
				INFOPLIST_KEY_NSHumanReadableCopyright = "";
				INSTALL_PATH = "$(LOCAL_LIBRARY_DIR)/Frameworks";
				IPHONEOS_DEPLOYMENT_TARGET = 15.0;
				LD_RUNPATH_SEARCH_PATHS = (
					"$(inherited)",
					"@executable_path/Frameworks",
					"@loader_path/Frameworks",
				);
				MARKETING_VERSION = 1.0;
				MODULE_VERIFIER_SUPPORTED_LANGUAGES = "objective-c objective-c++";
				MODULE_VERIFIER_SUPPORTED_LANGUAGE_STANDARDS = "gnu17 gnu++20";
				PRODUCT_BUNDLE_IDENTIFIER = "pandora.foundation.ta-infra.SimctlShared";
				PRODUCT_NAME = "$(TARGET_NAME:c99extidentifier)";
				SKIP_INSTALL = YES;
				SWIFT_EMIT_LOC_STRINGS = YES;
				SWIFT_VERSION = 5.0;
				TARGETED_DEVICE_FAMILY = "1,2";
			};
			name = Release;
		};
/* End XCBuildConfiguration section */

/* Begin XCConfigurationList section */
		213EF6A22C5284F70061475A /* Build configuration list for PBXProject "Simctl" */ = {
			isa = XCConfigurationList;
			buildConfigurations = (
				213EF6AD2C5284F70061475A /* Debug */,
				213EF6AE2C5284F70061475A /* Release */,
			);
			defaultConfigurationIsVisible = 0;
			defaultConfigurationName = Release;
		};
		213EF6AF2C5284F70061475A /* Build configuration list for PBXNativeTarget "Simctl" */ = {
			isa = XCConfigurationList;
			buildConfigurations = (
				213EF6B02C5284F70061475A /* Debug */,
				213EF6B12C5284F70061475A /* Release */,
			);
			defaultConfigurationIsVisible = 0;
			defaultConfigurationName = Release;
		};
		216EB9272C52907400375BDE /* Build configuration list for PBXNativeTarget "SimctlShared" */ = {
			isa = XCConfigurationList;
			buildConfigurations = (
				216EB9282C52907400375BDE /* Debug */,
				216EB9292C52907400375BDE /* Release */,
			);
			defaultConfigurationIsVisible = 0;
			defaultConfigurationName = Release;
		};
/* End XCConfigurationList section */
	};
	rootObject = 213EF69F2C5284F70061475A /* Project object */;
}
