// !$*UTF8*$!
{
	archiveVersion = 1;
	classes = {
	};
	objectVersion = 56;
	objects = {

/* Begin PBXBuildFile section */
		213EF6E62C5286550061475A /* DeviceAppearance.swift in Sources */ = {isa = PBXBuildFile; fileRef = 213EF6DC2C5286550061475A /* DeviceAppearance.swift */; };
		213EF6E72C5286550061475A /* AppContainer.swift in Sources */ = {isa = PBXBuildFile; fileRef = 213EF6DD2C5286550061475A /* AppContainer.swift */; };
		213EF6E82C5286550061475A /* SimctlShared.h in Headers */ = {isa = PBXBuildFile; fileRef = 213EF6DE2C5286550061475A /* SimctlShared.h */; };
		213EF6E92C5286550061475A /* SimulatorDevice.swift in Sources */ = {isa = PBXBuildFile; fileRef = 213EF6DF2C5286550061475A /* SimulatorDevice.swift */; };
		213EF6EA2C5286550061475A /* HeaderFieldKey.swift in Sources */ = {isa = PBXBuildFile; fileRef = 213EF6E02C5286550061475A /* HeaderFieldKey.swift */; };
		213EF6EB2C5286550061475A /* Port.swift in Sources */ = {isa = PBXBuildFile; fileRef = 213EF6E12C5286550061475A /* Port.swift */; };
		213EF6EC2C5286550061475A /* Privacy.swift in Sources */ = {isa = PBXBuildFile; fileRef = 213EF6E22C5286550061475A /* Privacy.swift */; };
		213EF6ED2C5286550061475A /* PushNotificationContent.swift in Sources */ = {isa = PBXBuildFile; fileRef = 213EF6E32C5286550061475A /* PushNotificationContent.swift */; };
		213EF6EE2C5286550061475A /* URLContainer.swift in Sources */ = {isa = PBXBuildFile; fileRef = 213EF6E42C5286550061475A /* URLContainer.swift */; };
		213EF6EF2C5286550061475A /* ServerPath.swift in Sources */ = {isa = PBXBuildFile; fileRef = 213EF6E52C5286550061475A /* ServerPath.swift */; };
/* End PBXBuildFile section */

/* Begin PBXFileReference section */
		213EF6BC2C52850B0061475A /* SimctlShared.framework */ = {isa = PBXFileReference; explicitFileType = wrapper.framework; includeInIndex = 0; path = SimctlShared.framework; sourceTree = BUILT_PRODUCTS_DIR; };
		213EF6DC2C5286550061475A /* DeviceAppearance.swift */ = {isa = PBXFileReference; fileEncoding = 4; lastKnownFileType = sourcecode.swift; name = DeviceAppearance.swift; path = SimctlShared/DeviceAppearance.swift; sourceTree = "<group>"; };
		213EF6DD2C5286550061475A /* AppContainer.swift */ = {isa = PBXFileReference; fileEncoding = 4; lastKnownFileType = sourcecode.swift; name = AppContainer.swift; path = SimctlShared/AppContainer.swift; sourceTree = "<group>"; };
		213EF6DE2C5286550061475A /* SimctlShared.h */ = {isa = PBXFileReference; fileEncoding = 4; lastKnownFileType = sourcecode.c.h; name = SimctlShared.h; path = SimctlShared/SimctlShared.h; sourceTree = "<group>"; };
		213EF6DF2C5286550061475A /* SimulatorDevice.swift */ = {isa = PBXFileReference; fileEncoding = 4; lastKnownFileType = sourcecode.swift; name = SimulatorDevice.swift; path = SimctlShared/SimulatorDevice.swift; sourceTree = "<group>"; };
		213EF6E02C5286550061475A /* HeaderFieldKey.swift */ = {isa = PBXFileReference; fileEncoding = 4; lastKnownFileType = sourcecode.swift; name = HeaderFieldKey.swift; path = SimctlShared/HeaderFieldKey.swift; sourceTree = "<group>"; };
		213EF6E12C5286550061475A /* Port.swift */ = {isa = PBXFileReference; fileEncoding = 4; lastKnownFileType = sourcecode.swift; name = Port.swift; path = SimctlShared/Port.swift; sourceTree = "<group>"; };
		213EF6E22C5286550061475A /* Privacy.swift */ = {isa = PBXFileReference; fileEncoding = 4; lastKnownFileType = sourcecode.swift; name = Privacy.swift; path = SimctlShared/Privacy.swift; sourceTree = "<group>"; };
		213EF6E32C5286550061475A /* PushNotificationContent.swift */ = {isa = PBXFileReference; fileEncoding = 4; lastKnownFileType = sourcecode.swift; name = PushNotificationContent.swift; path = SimctlShared/PushNotificationContent.swift; sourceTree = "<group>"; };
		213EF6E42C5286550061475A /* URLContainer.swift */ = {isa = PBXFileReference; fileEncoding = 4; lastKnownFileType = sourcecode.swift; name = URLContainer.swift; path = SimctlShared/URLContainer.swift; sourceTree = "<group>"; };
		213EF6E52C5286550061475A /* ServerPath.swift */ = {isa = PBXFileReference; fileEncoding = 4; lastKnownFileType = sourcecode.swift; name = ServerPath.swift; path = SimctlShared/ServerPath.swift; sourceTree = "<group>"; };
/* End PBXFileReference section */

/* Begin PBXFrameworksBuildPhase section */
		213EF6B92C52850B0061475A /* Frameworks */ = {
			isa = PBXFrameworksBuildPhase;
			buildActionMask = 2147483647;
			files = (
			);
			runOnlyForDeploymentPostprocessing = 0;
		};
/* End PBXFrameworksBuildPhase section */

/* Begin PBXGroup section */
		213EF6B22C52850B0061475A = {
			isa = PBXGroup;
			children = (
				213EF6DD2C5286550061475A /* AppContainer.swift */,
				213EF6DC2C5286550061475A /* DeviceAppearance.swift */,
				213EF6E02C5286550061475A /* HeaderFieldKey.swift */,
				213EF6E12C5286550061475A /* Port.swift */,
				213EF6E22C5286550061475A /* Privacy.swift */,
				213EF6E32C5286550061475A /* PushNotificationContent.swift */,
				213EF6E52C5286550061475A /* ServerPath.swift */,
				213EF6DE2C5286550061475A /* SimctlShared.h */,
				213EF6DF2C5286550061475A /* SimulatorDevice.swift */,
				213EF6E42C5286550061475A /* URLContainer.swift */,
				213EF6BD2C52850B0061475A /* Products */,
			);
			sourceTree = "<group>";
		};
		213EF6BD2C52850B0061475A /* Products */ = {
			isa = PBXGroup;
			children = (
				213EF6BC2C52850B0061475A /* SimctlShared.framework */,
			);
			name = Products;
			sourceTree = "<group>";
		};
/* End PBXGroup section */

/* Begin PBXHeadersBuildPhase section */
		213EF6B72C52850B0061475A /* Headers */ = {
			isa = PBXHeadersBuildPhase;
			buildActionMask = 2147483647;
			files = (
				213EF6E82C5286550061475A /* SimctlShared.h in Headers */,
			);
			runOnlyForDeploymentPostprocessing = 0;
		};
/* End PBXHeadersBuildPhase section */

/* Begin PBXNativeTarget section */
		213EF6BB2C52850B0061475A /* SimctlShared */ = {
			isa = PBXNativeTarget;
			buildConfigurationList = 213EF6C32C52850B0061475A /* Build configuration list for PBXNativeTarget "SimctlShared" */;
			buildPhases = (
				213EF6B72C52850B0061475A /* Headers */,
				213EF6B82C52850B0061475A /* Sources */,
				213EF6B92C52850B0061475A /* Frameworks */,
				213EF6BA2C52850B0061475A /* Resources */,
			);
			buildRules = (
			);
			dependencies = (
			);
			name = SimctlShared;
			productName = SimctlShared;
			productReference = 213EF6BC2C52850B0061475A /* SimctlShared.framework */;
			productType = "com.apple.product-type.framework";
		};
/* End PBXNativeTarget section */

/* Begin PBXProject section */
		213EF6B32C52850B0061475A /* Project object */ = {
			isa = PBXProject;
			attributes = {
				BuildIndependentTargetsInParallel = 1;
				LastUpgradeCheck = 1510;
				TargetAttributes = {
					213EF6BB2C52850B0061475A = {
						CreatedOnToolsVersion = 15.1;
						LastSwiftMigration = 1510;
					};
				};
			};
			buildConfigurationList = 213EF6B62C52850B0061475A /* Build configuration list for PBXProject "SimctlShared" */;
			compatibilityVersion = "Xcode 14.0";
			developmentRegion = en;
			hasScannedForEncodings = 0;
			knownRegions = (
				en,
				Base,
			);
			mainGroup = 213EF6B22C52850B0061475A;
			productRefGroup = 213EF6BD2C52850B0061475A /* Products */;
			projectDirPath = "";
			projectRoot = "";
			targets = (
				213EF6BB2C52850B0061475A /* SimctlShared */,
			);
		};
/* End PBXProject section */

/* Begin PBXResourcesBuildPhase section */
		213EF6BA2C52850B0061475A /* Resources */ = {
			isa = PBXResourcesBuildPhase;
			buildActionMask = 2147483647;
			files = (
			);
			runOnlyForDeploymentPostprocessing = 0;
		};
/* End PBXResourcesBuildPhase section */

/* Begin PBXSourcesBuildPhase section */
		213EF6B82C52850B0061475A /* Sources */ = {
			isa = PBXSourcesBuildPhase;
			buildActionMask = 2147483647;
			files = (
				213EF6E62C5286550061475A /* DeviceAppearance.swift in Sources */,
				213EF6EA2C5286550061475A /* HeaderFieldKey.swift in Sources */,
				213EF6EC2C5286550061475A /* Privacy.swift in Sources */,
				213EF6EF2C5286550061475A /* ServerPath.swift in Sources */,
				213EF6EE2C5286550061475A /* URLContainer.swift in Sources */,
				213EF6E92C5286550061475A /* SimulatorDevice.swift in Sources */,
				213EF6ED2C5286550061475A /* PushNotificationContent.swift in Sources */,
				213EF6E72C5286550061475A /* AppContainer.swift in Sources */,
				213EF6EB2C5286550061475A /* Port.swift in Sources */,
			);
			runOnlyForDeploymentPostprocessing = 0;
		};
/* End PBXSourcesBuildPhase section */

/* Begin XCBuildConfiguration section */
		213EF6C12C52850B0061475A /* Debug */ = {
			isa = XCBuildConfiguration;
			buildSettings = {
				ALWAYS_SEARCH_USER_PATHS = NO;
				ASSETCATALOG_COMPILER_GENERATE_SWIFT_ASSET_SYMBOL_EXTENSIONS = YES;
				CLANG_ANALYZER_NONNULL = YES;
				CLANG_ANALYZER_NUMBER_OBJECT_CONVERSION = YES_AGGRESSIVE;
				CLANG_CXX_LANGUAGE_STANDARD = "gnu++20";
				CLANG_ENABLE_MODULES = YES;
				CLANG_ENABLE_OBJC_ARC = YES;
				CLANG_ENABLE_OBJC_WEAK = YES;
				CLANG_WARN_BLOCK_CAPTURE_AUTORELEASING = YES;
				CLANG_WARN_BOOL_CONVERSION = YES;
				CLANG_WARN_COMMA = YES;
				CLANG_WARN_CONSTANT_CONVERSION = YES;
				CLANG_WARN_DEPRECATED_OBJC_IMPLEMENTATIONS = YES;
				CLANG_WARN_DIRECT_OBJC_ISA_USAGE = YES_ERROR;
				CLANG_WARN_DOCUMENTATION_COMMENTS = YES;
				CLANG_WARN_EMPTY_BODY = YES;
				CLANG_WARN_ENUM_CONVERSION = YES;
				CLANG_WARN_INFINITE_RECURSION = YES;
				CLANG_WARN_INT_CONVERSION = YES;
				CLANG_WARN_NON_LITERAL_NULL_CONVERSION = YES;
				CLANG_WARN_OBJC_IMPLICIT_RETAIN_SELF = YES;
				CLANG_WARN_OBJC_LITERAL_CONVERSION = YES;
				CLANG_WARN_OBJC_ROOT_CLASS = YES_ERROR;
				CLANG_WARN_QUOTED_INCLUDE_IN_FRAMEWORK_HEADER = YES;
				CLANG_WARN_RANGE_LOOP_ANALYSIS = YES;
				CLANG_WARN_STRICT_PROTOTYPES = YES;
				CLANG_WARN_SUSPICIOUS_MOVE = YES;
				CLANG_WARN_UNGUARDED_AVAILABILITY = YES_AGGRESSIVE;
				CLANG_WARN_UNREACHABLE_CODE = YES;
				CLANG_WARN__DUPLICATE_METHOD_MATCH = YES;
				COPY_PHASE_STRIP = NO;
				CURRENT_PROJECT_VERSION = 1;
				DEBUG_INFORMATION_FORMAT = dwarf;
				ENABLE_STRICT_OBJC_MSGSEND = YES;
				ENABLE_TESTABILITY = YES;
				ENABLE_USER_SCRIPT_SANDBOXING = YES;
				GCC_C_LANGUAGE_STANDARD = gnu17;
				GCC_DYNAMIC_NO_PIC = NO;
				GCC_NO_COMMON_BLOCKS = YES;
				GCC_OPTIMIZATION_LEVEL = 0;
				GCC_PREPROCESSOR_DEFINITIONS = (
					"DEBUG=1",
					"$(inherited)",
				);
				GCC_WARN_64_TO_32_BIT_CONVERSION = YES;
				GCC_WARN_ABOUT_RETURN_TYPE = YES_ERROR;
				GCC_WARN_UNDECLARED_SELECTOR = YES;
				GCC_WARN_UNINITIALIZED_AUTOS = YES_AGGRESSIVE;
				GCC_WARN_UNUSED_FUNCTION = YES;
				GCC_WARN_UNUSED_VARIABLE = YES;
				IPHONEOS_DEPLOYMENT_TARGET = 15.0;
				LOCALIZATION_PREFERS_STRING_CATALOGS = YES;
				MTL_ENABLE_DEBUG_INFO = INCLUDE_SOURCE;
				MTL_FAST_MATH = YES;
				ONLY_ACTIVE_ARCH = YES;
				SDKROOT = iphoneos;
				SWIFT_ACTIVE_COMPILATION_CONDITIONS = "DEBUG $(inherited)";
				SWIFT_OPTIMIZATION_LEVEL = "-Onone";
				VERSIONING_SYSTEM = "apple-generic";
				VERSION_INFO_PREFIX = "";
			};
			name = Debug;
		};
		213EF6C22C52850B0061475A /* Release */ = {
			isa = XCBuildConfiguration;
			buildSettings = {
				ALWAYS_SEARCH_USER_PATHS = NO;
				ASSETCATALOG_COMPILER_GENERATE_SWIFT_ASSET_SYMBOL_EXTENSIONS = YES;
				CLANG_ANALYZER_NONNULL = YES;
				CLANG_ANALYZER_NUMBER_OBJECT_CONVERSION = YES_AGGRESSIVE;
				CLANG_CXX_LANGUAGE_STANDARD = "gnu++20";
				CLANG_ENABLE_MODULES = YES;
				CLANG_ENABLE_OBJC_ARC = YES;
				CLANG_ENABLE_OBJC_WEAK = YES;
				CLANG_WARN_BLOCK_CAPTURE_AUTORELEASING = YES;
				CLANG_WARN_BOOL_CONVERSION = YES;
				CLANG_WARN_COMMA = YES;
				CLANG_WARN_CONSTANT_CONVERSION = YES;
				CLANG_WARN_DEPRECATED_OBJC_IMPLEMENTATIONS = YES;
				CLANG_WARN_DIRECT_OBJC_ISA_USAGE = YES_ERROR;
				CLANG_WARN_DOCUMENTATION_COMMENTS = YES;
				CLANG_WARN_EMPTY_BODY = YES;
				CLANG_WARN_ENUM_CONVERSION = YES;
				CLANG_WARN_INFINITE_RECURSION = YES;
				CLANG_WARN_INT_CONVERSION = YES;
				CLANG_WARN_NON_LITERAL_NULL_CONVERSION = YES;
				CLANG_WARN_OBJC_IMPLICIT_RETAIN_SELF = YES;
				CLANG_WARN_OBJC_LITERAL_CONVERSION = YES;
				CLANG_WARN_OBJC_ROOT_CLASS = YES_ERROR;
				CLANG_WARN_QUOTED_INCLUDE_IN_FRAMEWORK_HEADER = YES;
				CLANG_WARN_RANGE_LOOP_ANALYSIS = YES;
				CLANG_WARN_STRICT_PROTOTYPES = YES;
				CLANG_WARN_SUSPICIOUS_MOVE = YES;
				CLANG_WARN_UNGUARDED_AVAILABILITY = YES_AGGRESSIVE;
				CLANG_WARN_UNREACHABLE_CODE = YES;
				CLANG_WARN__DUPLICATE_METHOD_MATCH = YES;
				COPY_PHASE_STRIP = NO;
				CURRENT_PROJECT_VERSION = 1;
				DEBUG_INFORMATION_FORMAT = "dwarf-with-dsym";
				ENABLE_NS_ASSERTIONS = NO;
				ENABLE_STRICT_OBJC_MSGSEND = YES;
				ENABLE_USER_SCRIPT_SANDBOXING = YES;
				GCC_C_LANGUAGE_STANDARD = gnu17;
				GCC_NO_COMMON_BLOCKS = YES;
				GCC_WARN_64_TO_32_BIT_CONVERSION = YES;
				GCC_WARN_ABOUT_RETURN_TYPE = YES_ERROR;
				GCC_WARN_UNDECLARED_SELECTOR = YES;
				GCC_WARN_UNINITIALIZED_AUTOS = YES_AGGRESSIVE;
				GCC_WARN_UNUSED_FUNCTION = YES;
				GCC_WARN_UNUSED_VARIABLE = YES;
				IPHONEOS_DEPLOYMENT_TARGET = 15.0;
				LOCALIZATION_PREFERS_STRING_CATALOGS = YES;
				MTL_ENABLE_DEBUG_INFO = NO;
				MTL_FAST_MATH = YES;
				SDKROOT = iphoneos;
				SWIFT_COMPILATION_MODE = wholemodule;
				VALIDATE_PRODUCT = YES;
				VERSIONING_SYSTEM = "apple-generic";
				VERSION_INFO_PREFIX = "";
			};
			name = Release;
		};
		213EF6C42C52850B0061475A /* Debug */ = {
			isa = XCBuildConfiguration;
			buildSettings = {
				CLANG_ENABLE_MODULES = YES;
				CODE_SIGN_STYLE = Automatic;
				CURRENT_PROJECT_VERSION = 1;
				DEFINES_MODULE = YES;
				DYLIB_COMPATIBILITY_VERSION = 1;
				DYLIB_CURRENT_VERSION = 1;
				DYLIB_INSTALL_NAME_BASE = "@rpath";
				ENABLE_MODULE_VERIFIER = YES;
				GENERATE_INFOPLIST_FILE = YES;
				INFOPLIST_KEY_NSHumanReadableCopyright = "";
				INSTALL_PATH = "$(LOCAL_LIBRARY_DIR)/Frameworks";
				IPHONEOS_DEPLOYMENT_TARGET = 15.0;
				LD_RUNPATH_SEARCH_PATHS = (
					"$(inherited)",
					"@executable_path/Frameworks",
					"@loader_path/Frameworks",
				);
				MARKETING_VERSION = 1.0;
				MODULE_VERIFIER_SUPPORTED_LANGUAGES = "objective-c objective-c++";
				MODULE_VERIFIER_SUPPORTED_LANGUAGE_STANDARDS = "gnu17 gnu++20";
				PRODUCT_BUNDLE_IDENTIFIER = "pandora.foundation.ta-infra.SimctlShared";
				PRODUCT_NAME = "$(TARGET_NAME:c99extidentifier)";
				SKIP_INSTALL = YES;
				SWIFT_EMIT_LOC_STRINGS = YES;
				SWIFT_OPTIMIZATION_LEVEL = "-Onone";
				SWIFT_VERSION = 5.0;
				TARGETED_DEVICE_FAMILY = "1,2";
			};
			name = Debug;
		};
		213EF6C52C52850B0061475A /* Release */ = {
			isa = XCBuildConfiguration;
			buildSettings = {
				CLANG_ENABLE_MODULES = YES;
				CODE_SIGN_STYLE = Automatic;
				CURRENT_PROJECT_VERSION = 1;
				DEFINES_MODULE = YES;
				DYLIB_COMPATIBILITY_VERSION = 1;
				DYLIB_CURRENT_VERSION = 1;
				DYLIB_INSTALL_NAME_BASE = "@rpath";
				ENABLE_MODULE_VERIFIER = YES;
				GENERATE_INFOPLIST_FILE = YES;
				INFOPLIST_KEY_NSHumanReadableCopyright = "";
				INSTALL_PATH = "$(LOCAL_LIBRARY_DIR)/Frameworks";
				IPHONEOS_DEPLOYMENT_TARGET = 15.0;
				LD_RUNPATH_SEARCH_PATHS = (
					"$(inherited)",
					"@executable_path/Frameworks",
					"@loader_path/Frameworks",
				);
				MARKETING_VERSION = 1.0;
				MODULE_VERIFIER_SUPPORTED_LANGUAGES = "objective-c objective-c++";
				MODULE_VERIFIER_SUPPORTED_LANGUAGE_STANDARDS = "gnu17 gnu++20";
				PRODUCT_BUNDLE_IDENTIFIER = "pandora.foundation.ta-infra.SimctlShared";
				PRODUCT_NAME = "$(TARGET_NAME:c99extidentifier)";
				SKIP_INSTALL = YES;
				SWIFT_EMIT_LOC_STRINGS = YES;
				SWIFT_VERSION = 5.0;
				TARGETED_DEVICE_FAMILY = "1,2";
			};
			name = Release;
		};
/* End XCBuildConfiguration section */

/* Begin XCConfigurationList section */
		213EF6B62C52850B0061475A /* Build configuration list for PBXProject "SimctlShared" */ = {
			isa = XCConfigurationList;
			buildConfigurations = (
				213EF6C12C52850B0061475A /* Debug */,
				213EF6C22C52850B0061475A /* Release */,
			);
			defaultConfigurationIsVisible = 0;
			defaultConfigurationName = Release;
		};
		213EF6C32C52850B0061475A /* Build configuration list for PBXNativeTarget "SimctlShared" */ = {
			isa = XCConfigurationList;
			buildConfigurations = (
				213EF6C42C52850B0061475A /* Debug */,
				213EF6C52C52850B0061475A /* Release */,
			);
			defaultConfigurationIsVisible = 0;
			defaultConfigurationName = Release;
		};
/* End XCConfigurationList section */
	};
	rootObject = 213EF6B32C52850B0061475A /* Project object */;
}
